
Microsoft Visual Studio Solution File, Format Version 12.00
# Visual Studio Version 17
VisualStudioVersion = 17.10.35013.160
MinimumVisualStudioVersion = 10.0.40219.1
Project("{FAE04EC0-301F-11D3-BF4B-00C04F79EFBC}") = "SpendSmart", "SpendSmart.csproj", "{3986CBA0-28E9-4905-A893-EC085EF67265}"
EndProject
Global
	GlobalSection(SolutionConfigurationPlatforms) = preSolution
		Debug|Any CPU = Debug|Any CPU
		Release|Any CPU = Release|Any CPU
	EndGlobalSection
	GlobalSection(ProjectConfigurationPlatforms) = postSolution
		{3986CBA0-28E9-4905-A893-EC085EF67265}.Debug|Any CPU.ActiveCfg = Debug|Any CPU
		{3986CBA0-28E9-4905-A893-EC085EF67265}.Debug|Any CPU.Build.0 = Debug|Any CPU
		{3986CBA0-28E9-4905-A893-EC085EF67265}.Release|Any CPU.ActiveCfg = Release|Any CPU
		{3986CBA0-28E9-4905-A893-EC085EF67265}.Release|Any CPU.Build.0 = Release|Any CPU
	EndGlobalSection
	GlobalSection(SolutionProperties) = preSolution
		HideSolutionNode = FALSE
	EndGlobalSection
	GlobalSection(ExtensibilityGlobals) = postSolution
		SolutionGuid = {9F83D3DB-9175-4298-AA65-F7ECB02B655C}
	EndGlobalSection
EndGlobal
